
Microsoft Visual Studio Solution File, Format Version 12.00
# Visual Studio 2012
Project("{FAE04EC0-301F-11D3-BF4B-00C04F79EFBC}") = "Calculadora_6A.Libreria", "Calculadora_6A.Libreria\Calculadora_6A.Libreria.csproj", "{970ABD14-D585-4B95-AB5E-C5E422900D46}"
EndProject
Project("{FAE04EC0-301F-11D3-BF4B-00C04F79EFBC}") = "Calculadora_6A.Windows", "Calculadora_6A.Windows\Calculadora_6A.Windows.csproj", "{66C67074-187C-4E57-A532-8FD42B4DDF1A}"
EndProject
Project("{FAE04EC0-301F-11D3-BF4B-00C04F79EFBC}") = "Calculadora_6A.Consola", "Calculadora_6A.Consola\Calculadora_6A.Consola.csproj", "{EAAB7A2B-4B5A-4E44-B084-287F439DC4DE}"
EndProject
Global
	GlobalSection(SolutionConfigurationPlatforms) = preSolution
		Debug|Any CPU = Debug|Any CPU
		Release|Any CPU = Release|Any CPU
	EndGlobalSection
	GlobalSection(ProjectConfigurationPlatforms) = postSolution
		{970ABD14-D585-4B95-AB5E-C5E422900D46}.Debug|Any CPU.ActiveCfg = Debug|Any CPU
		{970ABD14-D585-4B95-AB5E-C5E422900D46}.Debug|Any CPU.Build.0 = Debug|Any CPU
		{970ABD14-D585-4B95-AB5E-C5E422900D46}.Release|Any CPU.ActiveCfg = Release|Any CPU
		{970ABD14-D585-4B95-AB5E-C5E422900D46}.Release|Any CPU.Build.0 = Release|Any CPU
		{66C67074-187C-4E57-A532-8FD42B4DDF1A}.Debug|Any CPU.ActiveCfg = Debug|Any CPU
		{66C67074-187C-4E57-A532-8FD42B4DDF1A}.Debug|Any CPU.Build.0 = Debug|Any CPU
		{66C67074-187C-4E57-A532-8FD42B4DDF1A}.Release|Any CPU.ActiveCfg = Release|Any CPU
		{66C67074-187C-4E57-A532-8FD42B4DDF1A}.Release|Any CPU.Build.0 = Release|Any CPU
		{EAAB7A2B-4B5A-4E44-B084-287F439DC4DE}.Debug|Any CPU.ActiveCfg = Debug|Any CPU
		{EAAB7A2B-4B5A-4E44-B084-287F439DC4DE}.Debug|Any CPU.Build.0 = Debug|Any CPU
		{EAAB7A2B-4B5A-4E44-B084-287F439DC4DE}.Release|Any CPU.ActiveCfg = Release|Any CPU
		{EAAB7A2B-4B5A-4E44-B084-287F439DC4DE}.Release|Any CPU.Build.0 = Release|Any CPU
	EndGlobalSection
	GlobalSection(SolutionProperties) = preSolution
		HideSolutionNode = FALSE
	EndGlobalSection
EndGlobal
